
Microsoft Visual Studio Solution File, Format Version 12.00
# Visual Studio Version 17
VisualStudioVersion = 17.14.37314.3 d17.14
MinimumVisualStudioVersion = 10.0.40219.1
Project("{FAE04EC0-301F-11D3-BF4B-00C04F79EFBC}") = "EduSphare", "EduSphare.csproj", "{AFB3E668-E3FE-435F-9615-44CDDC52DEAF}"
EndProject
Global
	GlobalSection(SolutionConfigurationPlatforms) = preSolution
		Debug|Any CPU = Debug|Any CPU
		Release|Any CPU = Release|Any CPU
	EndGlobalSection
	GlobalSection(ProjectConfigurationPlatforms) = postSolution
		{AFB3E668-E3FE-435F-9615-44CDDC52DEAF}.Debug|Any CPU.ActiveCfg = Debug|Any CPU
		{AFB3E668-E3FE-435F-9615-44CDDC52DEAF}.Debug|Any CPU.Build.0 = Debug|Any CPU
		{AFB3E668-E3FE-435F-9615-44CDDC52DEAF}.Release|Any CPU.ActiveCfg = Release|Any CPU
		{AFB3E668-E3FE-435F-9615-44CDDC52DEAF}.Release|Any CPU.Build.0 = Release|Any CPU
	EndGlobalSection
	GlobalSection(SolutionProperties) = preSolution
		HideSolutionNode = FALSE
	EndGlobalSection
	GlobalSection(ExtensibilityGlobals) = postSolution
		SolutionGuid = {DDDD7E3E-97FA-44CE-B02F-2FE180AFC3E3}
	EndGlobalSection
EndGlobal
